
Microsoft Visual Studio Solution File, Format Version 12.00
# Visual Studio Version 17
VisualStudioVersion = 17.0.31903.59
MinimumVisualStudioVersion = 10.0.40219.1
Project("{2150E333-8FDC-42A3-9474-1A3956D46DE8}") = "src", "src", "{827E0CD3-B72D-47B6-A68D-7590B98EB39B}"
EndProject
Project("{FAE04EC0-301F-11D3-BF4B-00C04F79EFBC}") = "Toolbox.Domain", "src\Toolbox.Domain\Toolbox.Domain.csproj", "{974A6855-0402-47D4-94E3-3FCA4E1CCCF6}"
EndProject
Project("{FAE04EC0-301F-11D3-BF4B-00C04F79EFBC}") = "Toolbox.Application", "src\Toolbox.Application\Toolbox.Application.csproj", "{6A70C8B5-E089-4128-B68C-29C975A4543F}"
EndProject
Project("{FAE04EC0-301F-11D3-BF4B-00C04F79EFBC}") = "Toolbox.Infrastructure", "src\Toolbox.Infrastructure\Toolbox.Infrastructure.csproj", "{1A9393A0-309E-4213-AF0E-9C9E58F85072}"
EndProject
Project("{FAE04EC0-301F-11D3-BF4B-00C04F79EFBC}") = "Toolbox.Api", "src\Toolbox.Api\Toolbox.Api.csproj", "{1943A417-B32A-4431-A440-9B5C7649B23E}"
EndProject
Project("{2150E333-8FDC-42A3-9474-1A3956D46DE8}") = "tests", "tests", "{0AB3BF05-4346-4AA6-1389-037BE0695223}"
EndProject
Project("{FAE04EC0-301F-11D3-BF4B-00C04F79EFBC}") = "Toolbox.Domain.Tests", "tests\Toolbox.Domain.Tests\Toolbox.Domain.Tests.csproj", "{4187422A-C2AF-47D2-9EC0-E969BB9CF78E}"
EndProject
Global
	GlobalSection(SolutionConfigurationPlatforms) = preSolution
		Debug|Any CPU = Debug|Any CPU
		Debug|x64 = Debug|x64
		Debug|x86 = Debug|x86
		Release|Any CPU = Release|Any CPU
		Release|x64 = Release|x64
		Release|x86 = Release|x86
	EndGlobalSection
	GlobalSection(ProjectConfigurationPlatforms) = postSolution
		{974A6855-0402-47D4-94E3-3FCA4E1CCCF6}.Debug|Any CPU.ActiveCfg = Debug|Any CPU
		{974A6855-0402-47D4-94E3-3FCA4E1CCCF6}.Debug|Any CPU.Build.0 = Debug|Any CPU
		{974A6855-0402-47D4-94E3-3FCA4E1CCCF6}.Debug|x64.ActiveCfg = Debug|Any CPU
		{974A6855-0402-47D4-94E3-3FCA4E1CCCF6}.Debug|x64.Build.0 = Debug|Any CPU
		{974A6855-0402-47D4-94E3-3FCA4E1CCCF6}.Debug|x86.ActiveCfg = Debug|Any CPU
		{974A6855-0402-47D4-94E3-3FCA4E1CCCF6}.Debug|x86.Build.0 = Debug|Any CPU
		{974A6855-0402-47D4-94E3-3FCA4E1CCCF6}.Release|Any CPU.ActiveCfg = Release|Any CPU
		{974A6855-0402-47D4-94E3-3FCA4E1CCCF6}.Release|Any CPU.Build.0 = Release|Any CPU
		{974A6855-0402-47D4-94E3-3FCA4E1CCCF6}.Release|x64.ActiveCfg = Release|Any CPU
		{974A6855-0402-47D4-94E3-3FCA4E1CCCF6}.Release|x64.Build.0 = Release|Any CPU
		{974A6855-0402-47D4-94E3-3FCA4E1CCCF6}.Release|x86.ActiveCfg = Release|Any CPU
		{974A6855-0402-47D4-94E3-3FCA4E1CCCF6}.Release|x86.Build.0 = Release|Any CPU
		{6A70C8B5-E089-4128-B68C-29C975A4543F}.Debug|Any CPU.ActiveCfg = Debug|Any CPU
		{6A70C8B5-E089-4128-B68C-29C975A4543F}.Debug|Any CPU.Build.0 = Debug|Any CPU
		{6A70C8B5-E089-4128-B68C-29C975A4543F}.Debug|x64.ActiveCfg = Debug|Any CPU
		{6A70C8B5-E089-4128-B68C-29C975A4543F}.Debug|x64.Build.0 = Debug|Any CPU
		{6A70C8B5-E089-4128-B68C-29C975A4543F}.Debug|x86.ActiveCfg = Debug|Any CPU
		{6A70C8B5-E089-4128-B68C-29C975A4543F}.Debug|x86.Build.0 = Debug|Any CPU
		{6A70C8B5-E089-4128-B68C-29C975A4543F}.Release|Any CPU.ActiveCfg = Release|Any CPU
		{6A70C8B5-E089-4128-B68C-29C975A4543F}.Release|Any CPU.Build.0 = Release|Any CPU
		{6A70C8B5-E089-4128-B68C-29C975A4543F}.Release|x64.ActiveCfg = Release|Any CPU
		{6A70C8B5-E089-4128-B68C-29C975A4543F}.Release|x64.Build.0 = Release|Any CPU
		{6A70C8B5-E089-4128-B68C-29C975A4543F}.Release|x86.ActiveCfg = Release|Any CPU
		{6A70C8B5-E089-4128-B68C-29C975A4543F}.Release|x86.Build.0 = Release|Any CPU
		{1A9393A0-309E-4213-AF0E-9C9E58F85072}.Debug|Any CPU.ActiveCfg = Debug|Any CPU
		{1A9393A0-309E-4213-AF0E-9C9E58F85072}.Debug|Any CPU.Build.0 = Debug|Any CPU
		{1A9393A0-309E-4213-AF0E-9C9E58F85072}.Debug|x64.ActiveCfg = Debug|Any CPU
		{1A9393A0-309E-4213-AF0E-9C9E58F85072}.Debug|x64.Build.0 = Debug|Any CPU
		{1A9393A0-309E-4213-AF0E-9C9E58F85072}.Debug|x86.ActiveCfg = Debug|Any CPU
		{1A9393A0-309E-4213-AF0E-9C9E58F85072}.Debug|x86.Build.0 = Debug|Any CPU
		{1A9393A0-309E-4213-AF0E-9C9E58F85072}.Release|Any CPU.ActiveCfg = Release|Any CPU
		{1A9393A0-309E-4213-AF0E-9C9E58F85072}.Release|Any CPU.Build.0 = Release|Any CPU
		{1A9393A0-309E-4213-AF0E-9C9E58F85072}.Release|x64.ActiveCfg = Release|Any CPU
		{1A9393A0-309E-4213-AF0E-9C9E58F85072}.Release|x64.Build.0 = Release|Any CPU
		{1A9393A0-309E-4213-AF0E-9C9E58F85072}.Release|x86.ActiveCfg = Release|Any CPU
		{1A9393A0-309E-4213-AF0E-9C9E58F85072}.Release|x86.Build.0 = Release|Any CPU
		{1943A417-B32A-4431-A440-9B5C7649B23E}.Debug|Any CPU.ActiveCfg = Debug|Any CPU
		{1943A417-B32A-4431-A440-9B5C7649B23E}.Debug|Any CPU.Build.0 = Debug|Any CPU
		{1943A417-B32A-4431-A440-9B5C7649B23E}.Debug|x64.ActiveCfg = Debug|Any CPU
		{1943A417-B32A-4431-A440-9B5C7649B23E}.Debug|x64.Build.0 = Debug|Any CPU
		{1943A417-B32A-4431-A440-9B5C7649B23E}.Debug|x86.ActiveCfg = Debug|Any CPU
		{1943A417-B32A-4431-A440-9B5C7649B23E}.Debug|x86.Build.0 = Debug|Any CPU
		{1943A417-B32A-4431-A440-9B5C7649B23E}.Release|Any CPU.ActiveCfg = Release|Any CPU
		{1943A417-B32A-4431-A440-9B5C7649B23E}.Release|Any CPU.Build.0 = Release|Any CPU
		{1943A417-B32A-4431-A440-9B5C7649B23E}.Release|x64.ActiveCfg = Release|Any CPU
		{1943A417-B32A-4431-A440-9B5C7649B23E}.Release|x64.Build.0 = Release|Any CPU
		{1943A417-B32A-4431-A440-9B5C7649B23E}.Release|x86.ActiveCfg = Release|Any CPU
		{1943A417-B32A-4431-A440-9B5C7649B23E}.Release|x86.Build.0 = Release|Any CPU
		{4187422A-C2AF-47D2-9EC0-E969BB9CF78E}.Debug|Any CPU.ActiveCfg = Debug|Any CPU
		{4187422A-C2AF-47D2-9EC0-E969BB9CF78E}.Debug|Any CPU.Build.0 = Debug|Any CPU
		{4187422A-C2AF-47D2-9EC0-E969BB9CF78E}.Debug|x64.ActiveCfg = Debug|Any CPU
		{4187422A-C2AF-47D2-9EC0-E969BB9CF78E}.Debug|x64.Build.0 = Debug|Any CPU
		{4187422A-C2AF-47D2-9EC0-E969BB9CF78E}.Debug|x86.ActiveCfg = Debug|Any CPU
		{4187422A-C2AF-47D2-9EC0-E969BB9CF78E}.Debug|x86.Build.0 = Debug|Any CPU
		{4187422A-C2AF-47D2-9EC0-E969BB9CF78E}.Release|Any CPU.ActiveCfg = Release|Any CPU
		{4187422A-C2AF-47D2-9EC0-E969BB9CF78E}.Release|Any CPU.Build.0 = Release|Any CPU
		{4187422A-C2AF-47D2-9EC0-E969BB9CF78E}.Release|x64.ActiveCfg = Release|Any CPU
		{4187422A-C2AF-47D2-9EC0-E969BB9CF78E}.Release|x64.Build.0 = Release|Any CPU
		{4187422A-C2AF-47D2-9EC0-E969BB9CF78E}.Release|x86.ActiveCfg = Release|Any CPU
		{4187422A-C2AF-47D2-9EC0-E969BB9CF78E}.Release|x86.Build.0 = Release|Any CPU
	EndGlobalSection
	GlobalSection(SolutionProperties) = preSolution
		HideSolutionNode = FALSE
	EndGlobalSection
	GlobalSection(NestedProjects) = preSolution
		{974A6855-0402-47D4-94E3-3FCA4E1CCCF6} = {827E0CD3-B72D-47B6-A68D-7590B98EB39B}
		{6A70C8B5-E089-4128-B68C-29C975A4543F} = {827E0CD3-B72D-47B6-A68D-7590B98EB39B}
		{1A9393A0-309E-4213-AF0E-9C9E58F85072} = {827E0CD3-B72D-47B6-A68D-7590B98EB39B}
		{1943A417-B32A-4431-A440-9B5C7649B23E} = {827E0CD3-B72D-47B6-A68D-7590B98EB39B}
		{4187422A-C2AF-47D2-9EC0-E969BB9CF78E} = {0AB3BF05-4346-4AA6-1389-037BE0695223}
	EndGlobalSection
EndGlobal
